speakeasyVersion: 1.634.1
sources:
    Knowledge Portal Manager APIs:
        sourceNamespace: knowledge-portal-manager-ap-is
        sourceRevisionDigest: sha256:abb810adc47190c4de07af139944036043d2b709e2ba9cda20aaf8f758169d3e
        sourceBlobDigest: sha256:8c18dc8981a3f0cd5160850a8462a7c1ca076943c48dafa12fbe18846a21ffba
        tags:
            - latest
            - 4.0.0
targets:
    typescript-sdk:
        source: Knowledge Portal Manager APIs
        sourceNamespace: knowledge-portal-manager-ap-is
        sourceRevisionDigest: sha256:abb810adc47190c4de07af139944036043d2b709e2ba9cda20aaf8f758169d3e
        sourceBlobDigest: sha256:8c18dc8981a3f0cd5160850a8462a7c1ca076943c48dafa12fbe18846a21ffba
        codeSamplesNamespace: knowledge-portal-manager-ap-is-typescript-code-samples
        codeSamplesRevisionDigest: sha256:3941cf88f50839fb362311215dd8f16e1566a09cea983b60cceadb176340efa1
workflow:
    workflowVersion: 1.0.0
    speakeasyVersion: latest
    sources:
        Knowledge Portal Manager APIs:
            inputs:
                - location: ../speakeasy/aiservices/v4/api-with-overlay.yaml
                - location: ../speakeasy/contentmgr/v4/api-with-overlay.yaml
                - location: ../speakeasy/portalmgr/v4/api-with-overlay.yaml
            output: .speakeasy/out.openapi.yaml
            registry:
                location: registry.speakeasyapi.dev/egain-corporation/portalmgr/knowledge-portal-manager-ap-is
    targets:
        typescript-sdk:
            target: typescript
            source: Knowledge Portal Manager APIs
            publish:
                npm:
                    token: $npm_token
            codeSamples:
                registry:
                    location: registry.speakeasyapi.dev/egain-corporation/portalmgr/knowledge-portal-manager-ap-is-typescript-code-samples
                labelOverride:
                    fixedValue: Typescript (SDK)
                blocking: false
