speakeasyVersion: 1.636.3
sources:
    Knowledge Portal Manager APIs:
        sourceNamespace: knowledge-portal-manager-ap-is
        sourceRevisionDigest: sha256:fd7037593bc100cd73c51fca6bc728eb336050be5d2b7accd56beafc22c4561e
        sourceBlobDigest: sha256:4c4754929da1ef4ba362b84429a46da6d4db8e3986677584a3688949632c7ed5
        tags:
            - latest
            - 4.0.0
targets:
    typescript-sdk:
        source: Knowledge Portal Manager APIs
        sourceNamespace: knowledge-portal-manager-ap-is
        sourceRevisionDigest: sha256:fd7037593bc100cd73c51fca6bc728eb336050be5d2b7accd56beafc22c4561e
        sourceBlobDigest: sha256:4c4754929da1ef4ba362b84429a46da6d4db8e3986677584a3688949632c7ed5
        codeSamplesNamespace: knowledge-portal-manager-ap-is-typescript-code-samples
        codeSamplesRevisionDigest: sha256:abf61e3dfc1018afcbe3ed47424a474f6747d116a0b32dedace1938ed800982b
workflow:
    workflowVersion: 1.0.0
    speakeasyVersion: latest
    sources:
        Knowledge Portal Manager APIs:
            inputs:
                - location: ../speakeasy/aiservices/v4/api-with-overlay.yaml
                - location: ../speakeasy/contentmgr/v4/api-with-overlay.yaml
                - location: ../speakeasy/portalmgr/v4/api-with-overlay.yaml
            overlays:
                - location: ../speakeasy/languageoverlays/typescript.yaml
            output: .speakeasy/out.openapi.yaml
            registry:
                location: registry.speakeasyapi.dev/egain-corporation/portalmgr/knowledge-portal-manager-ap-is
    targets:
        typescript-sdk:
            target: typescript
            source: Knowledge Portal Manager APIs
            publish:
                npm:
                    token: $npm_token
            codeSamples:
                registry:
                    location: registry.speakeasyapi.dev/egain-corporation/portalmgr/knowledge-portal-manager-ap-is-typescript-code-samples
                labelOverride:
                    fixedValue: Typescript (SDK)
                blocking: false
