speakeasyVersion: 1.636.2
sources:
    Knowledge Portal Manager APIs:
        sourceNamespace: knowledge-portal-manager-ap-is
        sourceRevisionDigest: sha256:1c4c818125e32cbccd52f823bd990a0bdc9fb28d585d0c04a259c4cec5768e4e
        sourceBlobDigest: sha256:c7f74eaa4ce7a9e975db55b9b35531f0b0d8e226d1822c7509ea6c3d11e97190
        tags:
            - latest
            - 4.0.0
targets:
    typescript-sdk:
        source: Knowledge Portal Manager APIs
        sourceNamespace: knowledge-portal-manager-ap-is
        sourceRevisionDigest: sha256:1c4c818125e32cbccd52f823bd990a0bdc9fb28d585d0c04a259c4cec5768e4e
        sourceBlobDigest: sha256:c7f74eaa4ce7a9e975db55b9b35531f0b0d8e226d1822c7509ea6c3d11e97190
        codeSamplesNamespace: knowledge-portal-manager-ap-is-typescript-code-samples
        codeSamplesRevisionDigest: sha256:8a7633c4eb31da25500a65f6a61e556475f1f5c9a5c2ab9bd27b1b0d6b623ff8
workflow:
    workflowVersion: 1.0.0
    speakeasyVersion: latest
    sources:
        Knowledge Portal Manager APIs:
            inputs:
                - location: ../speakeasy/aiservices/v4/api-with-overlay.yaml
                - location: ../speakeasy/contentmgr/v4/api-with-overlay.yaml
                - location: ../speakeasy/portalmgr/v4/api-with-overlay.yaml
            overlays:
                - location: ../speakeasy/languageoverlays/typescript.yaml
            output: .speakeasy/out.openapi.yaml
            registry:
                location: registry.speakeasyapi.dev/egain-corporation/portalmgr/knowledge-portal-manager-ap-is
    targets:
        typescript-sdk:
            target: typescript
            source: Knowledge Portal Manager APIs
            publish:
                npm:
                    token: $npm_token
            codeSamples:
                registry:
                    location: registry.speakeasyapi.dev/egain-corporation/portalmgr/knowledge-portal-manager-ap-is-typescript-code-samples
                labelOverride:
                    fixedValue: Typescript (SDK)
                blocking: false
